
Microsoft Visual Studio Solution File, Format Version 12.00
# Visual Studio Version 17
VisualStudioVersion = 17.14.36109.1 d17.14
MinimumVisualStudioVersion = 10.0.40219.1
Project("{FAE04EC0-301F-11D3-BF4B-00C04F79EFBC}") = "desktop", "desktop\desktop.csproj", "{FC7F24C2-EC8D-49AD-967E-737179607EBF}"
EndProject
Global
	GlobalSection(SolutionConfigurationPlatforms) = preSolution
		Debug|Any CPU = Debug|Any CPU
		Release|Any CPU = Release|Any CPU
	EndGlobalSection
	GlobalSection(ProjectConfigurationPlatforms) = postSolution
		{FC7F24C2-EC8D-49AD-967E-737179607EBF}.Debug|Any CPU.ActiveCfg = Debug|Any CPU
		{FC7F24C2-EC8D-49AD-967E-737179607EBF}.Debug|Any CPU.Build.0 = Debug|Any CPU
		{FC7F24C2-EC8D-49AD-967E-737179607EBF}.Release|Any CPU.ActiveCfg = Release|Any CPU
		{FC7F24C2-EC8D-49AD-967E-737179607EBF}.Release|Any CPU.Build.0 = Release|Any CPU
	EndGlobalSection
	GlobalSection(SolutionProperties) = preSolution
		HideSolutionNode = FALSE
	EndGlobalSection
	GlobalSection(ExtensibilityGlobals) = postSolution
		SolutionGuid = {CC0FC408-4911-4BA7-A574-D8C2E17EED97}
	EndGlobalSection
EndGlobal
